
Microsoft Visual Studio Solution File, Format Version 12.00
# Visual Studio Version 16
VisualStudioVersion = 16.0.31105.61
MinimumVisualStudioVersion = 10.0.40219.1
Project("{FAE04EC0-301F-11D3-BF4B-00C04F79EFBC}") = "ConsoleUIPrimes", "ConsoleUIPrimes\ConsoleUIPrimes.csproj", "{F9D6090C-2222-4F7A-8044-B5780597EC4B}"
EndProject
Global
	GlobalSection(SolutionConfigurationPlatforms) = preSolution
		Debug|Any CPU = Debug|Any CPU
		Release|Any CPU = Release|Any CPU
	EndGlobalSection
	GlobalSection(ProjectConfigurationPlatforms) = postSolution
		{F9D6090C-2222-4F7A-8044-B5780597EC4B}.Debug|Any CPU.ActiveCfg = Debug|Any CPU
		{F9D6090C-2222-4F7A-8044-B5780597EC4B}.Debug|Any CPU.Build.0 = Debug|Any CPU
		{F9D6090C-2222-4F7A-8044-B5780597EC4B}.Release|Any CPU.ActiveCfg = Release|Any CPU
		{F9D6090C-2222-4F7A-8044-B5780597EC4B}.Release|Any CPU.Build.0 = Release|Any CPU
	EndGlobalSection
	GlobalSection(SolutionProperties) = preSolution
		HideSolutionNode = FALSE
	EndGlobalSection
	GlobalSection(ExtensibilityGlobals) = postSolution
		SolutionGuid = {9985A31D-82DC-446F-9A2E-A4A3282D47F9}
	EndGlobalSection
EndGlobal
